
Microsoft Visual Studio Solution File, Format Version 12.00
# Visual Studio Version 17
VisualStudioVersion = 17.7.34009.444
MinimumVisualStudioVersion = 10.0.40219.1
Project("{9A19103F-16F7-4668-BE54-9A1E7A4F7556}") = "FunctionApp1", "FunctionApp1.csproj", "{2891427E-6443-485E-AA96-50D77C81BCE3}"
EndProject
Global
	GlobalSection(SolutionConfigurationPlatforms) = preSolution
		Debug|Any CPU = Debug|Any CPU
		Release|Any CPU = Release|Any CPU
	EndGlobalSection
	GlobalSection(ProjectConfigurationPlatforms) = postSolution
		{2891427E-6443-485E-AA96-50D77C81BCE3}.Debug|Any CPU.ActiveCfg = Debug|Any CPU
		{2891427E-6443-485E-AA96-50D77C81BCE3}.Debug|Any CPU.Build.0 = Debug|Any CPU
		{2891427E-6443-485E-AA96-50D77C81BCE3}.Release|Any CPU.ActiveCfg = Release|Any CPU
		{2891427E-6443-485E-AA96-50D77C81BCE3}.Release|Any CPU.Build.0 = Release|Any CPU
	EndGlobalSection
	GlobalSection(SolutionProperties) = preSolution
		HideSolutionNode = FALSE
	EndGlobalSection
	GlobalSection(ExtensibilityGlobals) = postSolution
		SolutionGuid = {620613D1-9539-4C2D-84FD-858F07C2FACF}
	EndGlobalSection
EndGlobal
